
Microsoft Visual Studio Solution File, Format Version 12.00
# Visual Studio Version 17
VisualStudioVersion = 17.4.33213.308
MinimumVisualStudioVersion = 10.0.40219.1
Project("{9A19103F-16F7-4668-BE54-9A1E7A4F7556}") = "Cloud1", "Cloud1.csproj", "{B6B5A2F2-464B-44B7-888B-E052D0287108}"
EndProject
Global
	GlobalSection(SolutionConfigurationPlatforms) = preSolution
		Debug|Any CPU = Debug|Any CPU
		Release|Any CPU = Release|Any CPU
	EndGlobalSection
	GlobalSection(ProjectConfigurationPlatforms) = postSolution
		{B6B5A2F2-464B-44B7-888B-E052D0287108}.Debug|Any CPU.ActiveCfg = Debug|Any CPU
		{B6B5A2F2-464B-44B7-888B-E052D0287108}.Debug|Any CPU.Build.0 = Debug|Any CPU
		{B6B5A2F2-464B-44B7-888B-E052D0287108}.Release|Any CPU.ActiveCfg = Release|Any CPU
		{B6B5A2F2-464B-44B7-888B-E052D0287108}.Release|Any CPU.Build.0 = Release|Any CPU
	EndGlobalSection
	GlobalSection(SolutionProperties) = preSolution
		HideSolutionNode = FALSE
	EndGlobalSection
	GlobalSection(ExtensibilityGlobals) = postSolution
		SolutionGuid = {75E8544C-7FC6-4691-A0B6-961362803325}
	EndGlobalSection
EndGlobal
